// !$*UTF8*$!
{
	archiveVersion = 1;
	classes = {
	};
	objectVersion = 50;
	objects = {

/* Begin PBXBuildFile section */
		407D641F2147A68800FE7EC7 /* AppDelegate.m in Sources */ = {isa = PBXBuildFile; fileRef = 407D641E2147A68800FE7EC7 /* AppDelegate.m */; };
		407D64222147A68800FE7EC7 /* ViewController.m in Sources */ = {isa = PBXBuildFile; fileRef = 407D64212147A68800FE7EC7 /* ViewController.m */; };
		407D64252147A68800FE7EC7 /* Main.storyboard in Resources */ = {isa = PBXBuildFile; fileRef = 407D64232147A68800FE7EC7 /* Main.storyboard */; };
		407D64272147A68900FE7EC7 /* Assets.xcassets in Resources */ = {isa = PBXBuildFile; fileRef = 407D64262147A68900FE7EC7 /* Assets.xcassets */; };
		407D642A2147A68900FE7EC7 /* LaunchScreen.storyboard in Resources */ = {isa = PBXBuildFile; fileRef = 407D64282147A68900FE7EC7 /* LaunchScreen.storyboard */; };
		407D642D2147A68900FE7EC7 /* main.m in Sources */ = {isa = PBXBuildFile; fileRef = 407D642C2147A68900FE7EC7 /* main.m */; };
		407D64372147A68900FE7EC7 /* SliderControlTests.m in Sources */ = {isa = PBXBuildFile; fileRef = 407D64362147A68900FE7EC7 /* SliderControlTests.m */; };
		407D64422147A68900FE7EC7 /* SliderControlUITests.m in Sources */ = {isa = PBXBuildFile; fileRef = 407D64412147A68900FE7EC7 /* SliderControlUITests.m */; };
		40D24E0F221CE9640040E73A /* SliderControlCell.m in Sources */ = {isa = PBXBuildFile; fileRef = 40D24E01221CE9640040E73A /* SliderControlCell.m */; };
		40D24E10221CE9640040E73A /* SliderWithImageControlCell.m in Sources */ = {isa = PBXBuildFile; fileRef = 40D24E02221CE9640040E73A /* SliderWithImageControlCell.m */; };
		40D24E11221CE9640040E73A /* CheckUnselected@2x.png in Resources */ = {isa = PBXBuildFile; fileRef = 40D24E04221CE9640040E73A /* CheckUnselected@2x.png */; };
		40D24E12221CE9640040E73A /* CheckUnselected@3x.png in Resources */ = {isa = PBXBuildFile; fileRef = 40D24E05221CE9640040E73A /* CheckUnselected@3x.png */; };
		40D24E13221CE9640040E73A /* CheckSelected@2x.png in Resources */ = {isa = PBXBuildFile; fileRef = 40D24E06221CE9640040E73A /* CheckSelected@2x.png */; };
		40D24E14221CE9640040E73A /* CheckSelected@3x.png in Resources */ = {isa = PBXBuildFile; fileRef = 40D24E07221CE9640040E73A /* CheckSelected@3x.png */; };
		40D24E15221CE9640040E73A /* SliderControl.xib in Resources */ = {isa = PBXBuildFile; fileRef = 40D24E08221CE9640040E73A /* SliderControl.xib */; };
		40D24E16221CE9640040E73A /* SliderControl.m in Sources */ = {isa = PBXBuildFile; fileRef = 40D24E09221CE9640040E73A /* SliderControl.m */; };
		40D24E17221CE9640040E73A /* SliderControlCell.xib in Resources */ = {isa = PBXBuildFile; fileRef = 40D24E0A221CE9640040E73A /* SliderControlCell.xib */; };
		40D24E18221CE9640040E73A /* SliderWithImageControlCell.xib in Resources */ = {isa = PBXBuildFile; fileRef = 40D24E0E221CE9640040E73A /* SliderWithImageControlCell.xib */; };
		40D24E1D221D380F0040E73A /* RepairScoreStarGray@3x.png in Resources */ = {isa = PBXBuildFile; fileRef = 40D24E19221D380F0040E73A /* RepairScoreStarGray@3x.png */; };
		40D24E1E221D380F0040E73A /* RepairScoreStar@2x.png in Resources */ = {isa = PBXBuildFile; fileRef = 40D24E1A221D380F0040E73A /* RepairScoreStar@2x.png */; };
		40D24E1F221D380F0040E73A /* RepairScoreStar@3x.png in Resources */ = {isa = PBXBuildFile; fileRef = 40D24E1B221D380F0040E73A /* RepairScoreStar@3x.png */; };
		40D24E20221D380F0040E73A /* RepairScoreStarGray@2x.png in Resources */ = {isa = PBXBuildFile; fileRef = 40D24E1C221D380F0040E73A /* RepairScoreStarGray@2x.png */; };
/* End PBXBuildFile section */

/* Begin PBXContainerItemProxy section */
		407D64332147A68900FE7EC7 /* PBXContainerItemProxy */ = {
			isa = PBXContainerItemProxy;
			containerPortal = 407D64122147A68800FE7EC7 /* Project object */;
			proxyType = 1;
			remoteGlobalIDString = 407D64192147A68800FE7EC7;
			remoteInfo = SliderControl;
		};
		407D643E2147A68900FE7EC7 /* PBXContainerItemProxy */ = {
			isa = PBXContainerItemProxy;
			containerPortal = 407D64122147A68800FE7EC7 /* Project object */;
			proxyType = 1;
			remoteGlobalIDString = 407D64192147A68800FE7EC7;
			remoteInfo = SliderControl;
		};
/* End PBXContainerItemProxy section */

/* Begin PBXFileReference section */
		407D641A2147A68800FE7EC7 /* SliderControl.app */ = {isa = PBXFileReference; explicitFileType = wrapper.application; includeInIndex = 0; path = SliderControl.app; sourceTree = BUILT_PRODUCTS_DIR; };
		407D641D2147A68800FE7EC7 /* AppDelegate.h */ = {isa = PBXFileReference; lastKnownFileType = sourcecode.c.h; path = AppDelegate.h; sourceTree = "<group>"; };
		407D641E2147A68800FE7EC7 /* AppDelegate.m */ = {isa = PBXFileReference; lastKnownFileType = sourcecode.c.objc; path = AppDelegate.m; sourceTree = "<group>"; };
		407D64202147A68800FE7EC7 /* ViewController.h */ = {isa = PBXFileReference; lastKnownFileType = sourcecode.c.h; path = ViewController.h; sourceTree = "<group>"; };
		407D64212147A68800FE7EC7 /* ViewController.m */ = {isa = PBXFileReference; lastKnownFileType = sourcecode.c.objc; path = ViewController.m; sourceTree = "<group>"; };
		407D64242147A68800FE7EC7 /* Base */ = {isa = PBXFileReference; lastKnownFileType = file.storyboard; name = Base; path = Base.lproj/Main.storyboard; sourceTree = "<group>"; };
		407D64262147A68900FE7EC7 /* Assets.xcassets */ = {isa = PBXFileReference; lastKnownFileType = folder.assetcatalog; path = Assets.xcassets; sourceTree = "<group>"; };
		407D64292147A68900FE7EC7 /* Base */ = {isa = PBXFileReference; lastKnownFileType = file.storyboard; name = Base; path = Base.lproj/LaunchScreen.storyboard; sourceTree = "<group>"; };
		407D642B2147A68900FE7EC7 /* Info.plist */ = {isa = PBXFileReference; lastKnownFileType = text.plist.xml; path = Info.plist; sourceTree = "<group>"; };
		407D642C2147A68900FE7EC7 /* main.m */ = {isa = PBXFileReference; lastKnownFileType = sourcecode.c.objc; path = main.m; sourceTree = "<group>"; };
		407D64322147A68900FE7EC7 /* SliderControlTests.xctest */ = {isa = PBXFileReference; explicitFileType = wrapper.cfbundle; includeInIndex = 0; path = SliderControlTests.xctest; sourceTree = BUILT_PRODUCTS_DIR; };
		407D64362147A68900FE7EC7 /* SliderControlTests.m */ = {isa = PBXFileReference; lastKnownFileType = sourcecode.c.objc; path = SliderControlTests.m; sourceTree = "<group>"; };
		407D64382147A68900FE7EC7 /* Info.plist */ = {isa = PBXFileReference; lastKnownFileType = text.plist.xml; path = Info.plist; sourceTree = "<group>"; };
		407D643D2147A68900FE7EC7 /* SliderControlUITests.xctest */ = {isa = PBXFileReference; explicitFileType = wrapper.cfbundle; includeInIndex = 0; path = SliderControlUITests.xctest; sourceTree = BUILT_PRODUCTS_DIR; };
		407D64412147A68900FE7EC7 /* SliderControlUITests.m */ = {isa = PBXFileReference; lastKnownFileType = sourcecode.c.objc; path = SliderControlUITests.m; sourceTree = "<group>"; };
		407D64432147A68900FE7EC7 /* Info.plist */ = {isa = PBXFileReference; lastKnownFileType = text.plist.xml; path = Info.plist; sourceTree = "<group>"; };
		40D24E01221CE9640040E73A /* SliderControlCell.m */ = {isa = PBXFileReference; fileEncoding = 4; lastKnownFileType = sourcecode.c.objc; path = SliderControlCell.m; sourceTree = "<group>"; };
		40D24E02221CE9640040E73A /* SliderWithImageControlCell.m */ = {isa = PBXFileReference; fileEncoding = 4; lastKnownFileType = sourcecode.c.objc; path = SliderWithImageControlCell.m; sourceTree = "<group>"; };
		40D24E04221CE9640040E73A /* CheckUnselected@2x.png */ = {isa = PBXFileReference; lastKnownFileType = image.png; path = "CheckUnselected@2x.png"; sourceTree = "<group>"; };
		40D24E05221CE9640040E73A /* CheckUnselected@3x.png */ = {isa = PBXFileReference; lastKnownFileType = image.png; path = "CheckUnselected@3x.png"; sourceTree = "<group>"; };
		40D24E06221CE9640040E73A /* CheckSelected@2x.png */ = {isa = PBXFileReference; lastKnownFileType = image.png; path = "CheckSelected@2x.png"; sourceTree = "<group>"; };
		40D24E07221CE9640040E73A /* CheckSelected@3x.png */ = {isa = PBXFileReference; lastKnownFileType = image.png; path = "CheckSelected@3x.png"; sourceTree = "<group>"; };
		40D24E08221CE9640040E73A /* SliderControl.xib */ = {isa = PBXFileReference; fileEncoding = 4; lastKnownFileType = file.xib; path = SliderControl.xib; sourceTree = "<group>"; };
		40D24E09221CE9640040E73A /* SliderControl.m */ = {isa = PBXFileReference; fileEncoding = 4; lastKnownFileType = sourcecode.c.objc; path = SliderControl.m; sourceTree = "<group>"; };
		40D24E0A221CE9640040E73A /* SliderControlCell.xib */ = {isa = PBXFileReference; fileEncoding = 4; lastKnownFileType = file.xib; path = SliderControlCell.xib; sourceTree = "<group>"; };
		40D24E0B221CE9640040E73A /* SliderWithImageControlCell.h */ = {isa = PBXFileReference; fileEncoding = 4; lastKnownFileType = sourcecode.c.h; path = SliderWithImageControlCell.h; sourceTree = "<group>"; };
		40D24E0C221CE9640040E73A /* SliderControlCell.h */ = {isa = PBXFileReference; fileEncoding = 4; lastKnownFileType = sourcecode.c.h; path = SliderControlCell.h; sourceTree = "<group>"; };
		40D24E0D221CE9640040E73A /* SliderControl.h */ = {isa = PBXFileReference; fileEncoding = 4; lastKnownFileType = sourcecode.c.h; path = SliderControl.h; sourceTree = "<group>"; };
		40D24E0E221CE9640040E73A /* SliderWithImageControlCell.xib */ = {isa = PBXFileReference; fileEncoding = 4; lastKnownFileType = file.xib; path = SliderWithImageControlCell.xib; sourceTree = "<group>"; };
		40D24E19221D380F0040E73A /* RepairScoreStarGray@3x.png */ = {isa = PBXFileReference; lastKnownFileType = image.png; path = "RepairScoreStarGray@3x.png"; sourceTree = "<group>"; };
		40D24E1A221D380F0040E73A /* RepairScoreStar@2x.png */ = {isa = PBXFileReference; lastKnownFileType = image.png; path = "RepairScoreStar@2x.png"; sourceTree = "<group>"; };
		40D24E1B221D380F0040E73A /* RepairScoreStar@3x.png */ = {isa = PBXFileReference; lastKnownFileType = image.png; path = "RepairScoreStar@3x.png"; sourceTree = "<group>"; };
		40D24E1C221D380F0040E73A /* RepairScoreStarGray@2x.png */ = {isa = PBXFileReference; lastKnownFileType = image.png; path = "RepairScoreStarGray@2x.png"; sourceTree = "<group>"; };
/* End PBXFileReference section */

/* Begin PBXFrameworksBuildPhase section */
		407D64172147A68800FE7EC7 /* Frameworks */ = {
			isa = PBXFrameworksBuildPhase;
			buildActionMask = 2147483647;
			files = (
			);
			runOnlyForDeploymentPostprocessing = 0;
		};
		407D642F2147A68900FE7EC7 /* Frameworks */ = {
			isa = PBXFrameworksBuildPhase;
			buildActionMask = 2147483647;
			files = (
			);
			runOnlyForDeploymentPostprocessing = 0;
		};
		407D643A2147A68900FE7EC7 /* Frameworks */ = {
			isa = PBXFrameworksBuildPhase;
			buildActionMask = 2147483647;
			files = (
			);
			runOnlyForDeploymentPostprocessing = 0;
		};
/* End PBXFrameworksBuildPhase section */

/* Begin PBXGroup section */
		407D64112147A68800FE7EC7 = {
			isa = PBXGroup;
			children = (
				407D641C2147A68800FE7EC7 /* SliderControl */,
				407D64352147A68900FE7EC7 /* SliderControlTests */,
				407D64402147A68900FE7EC7 /* SliderControlUITests */,
				407D641B2147A68800FE7EC7 /* Products */,
			);
			sourceTree = "<group>";
		};
		407D641B2147A68800FE7EC7 /* Products */ = {
			isa = PBXGroup;
			children = (
				407D641A2147A68800FE7EC7 /* SliderControl.app */,
				407D64322147A68900FE7EC7 /* SliderControlTests.xctest */,
				407D643D2147A68900FE7EC7 /* SliderControlUITests.xctest */,
			);
			name = Products;
			sourceTree = "<group>";
		};
		407D641C2147A68800FE7EC7 /* SliderControl */ = {
			isa = PBXGroup;
			children = (
				40D24E00221CE9640040E73A /* SliderControl */,
				407D641D2147A68800FE7EC7 /* AppDelegate.h */,
				407D641E2147A68800FE7EC7 /* AppDelegate.m */,
				407D64202147A68800FE7EC7 /* ViewController.h */,
				407D64212147A68800FE7EC7 /* ViewController.m */,
				407D64232147A68800FE7EC7 /* Main.storyboard */,
				407D64262147A68900FE7EC7 /* Assets.xcassets */,
				407D64282147A68900FE7EC7 /* LaunchScreen.storyboard */,
				407D642B2147A68900FE7EC7 /* Info.plist */,
				407D642C2147A68900FE7EC7 /* main.m */,
			);
			path = SliderControl;
			sourceTree = "<group>";
		};
		407D64352147A68900FE7EC7 /* SliderControlTests */ = {
			isa = PBXGroup;
			children = (
				407D64362147A68900FE7EC7 /* SliderControlTests.m */,
				407D64382147A68900FE7EC7 /* Info.plist */,
			);
			path = SliderControlTests;
			sourceTree = "<group>";
		};
		407D64402147A68900FE7EC7 /* SliderControlUITests */ = {
			isa = PBXGroup;
			children = (
				407D64412147A68900FE7EC7 /* SliderControlUITests.m */,
				407D64432147A68900FE7EC7 /* Info.plist */,
			);
			path = SliderControlUITests;
			sourceTree = "<group>";
		};
		40D24E00221CE9640040E73A /* SliderControl */ = {
			isa = PBXGroup;
			children = (
				40D24E01221CE9640040E73A /* SliderControlCell.m */,
				40D24E02221CE9640040E73A /* SliderWithImageControlCell.m */,
				40D24E03221CE9640040E73A /* Resources */,
				40D24E08221CE9640040E73A /* SliderControl.xib */,
				40D24E09221CE9640040E73A /* SliderControl.m */,
				40D24E0A221CE9640040E73A /* SliderControlCell.xib */,
				40D24E0B221CE9640040E73A /* SliderWithImageControlCell.h */,
				40D24E0C221CE9640040E73A /* SliderControlCell.h */,
				40D24E0D221CE9640040E73A /* SliderControl.h */,
				40D24E0E221CE9640040E73A /* SliderWithImageControlCell.xib */,
			);
			path = SliderControl;
			sourceTree = "<group>";
		};
		40D24E03221CE9640040E73A /* Resources */ = {
			isa = PBXGroup;
			children = (
				40D24E1A221D380F0040E73A /* RepairScoreStar@2x.png */,
				40D24E1B221D380F0040E73A /* RepairScoreStar@3x.png */,
				40D24E1C221D380F0040E73A /* RepairScoreStarGray@2x.png */,
				40D24E19221D380F0040E73A /* RepairScoreStarGray@3x.png */,
				40D24E04221CE9640040E73A /* CheckUnselected@2x.png */,
				40D24E05221CE9640040E73A /* CheckUnselected@3x.png */,
				40D24E06221CE9640040E73A /* CheckSelected@2x.png */,
				40D24E07221CE9640040E73A /* CheckSelected@3x.png */,
			);
			path = Resources;
			sourceTree = "<group>";
		};
/* End PBXGroup section */

/* Begin PBXNativeTarget section */
		407D64192147A68800FE7EC7 /* SliderControl */ = {
			isa = PBXNativeTarget;
			buildConfigurationList = 407D64462147A68900FE7EC7 /* Build configuration list for PBXNativeTarget "SliderControl" */;
			buildPhases = (
				407D64162147A68800FE7EC7 /* Sources */,
				407D64172147A68800FE7EC7 /* Frameworks */,
				407D64182147A68800FE7EC7 /* Resources */,
			);
			buildRules = (
			);
			dependencies = (
			);
			name = SliderControl;
			productName = SliderControl;
			productReference = 407D641A2147A68800FE7EC7 /* SliderControl.app */;
			productType = "com.apple.product-type.application";
		};
		407D64312147A68900FE7EC7 /* SliderControlTests */ = {
			isa = PBXNativeTarget;
			buildConfigurationList = 407D64492147A68900FE7EC7 /* Build configuration list for PBXNativeTarget "SliderControlTests" */;
			buildPhases = (
				407D642E2147A68900FE7EC7 /* Sources */,
				407D642F2147A68900FE7EC7 /* Frameworks */,
				407D64302147A68900FE7EC7 /* Resources */,
			);
			buildRules = (
			);
			dependencies = (
				407D64342147A68900FE7EC7 /* PBXTargetDependency */,
			);
			name = SliderControlTests;
			productName = SliderControlTests;
			productReference = 407D64322147A68900FE7EC7 /* SliderControlTests.xctest */;
			productType = "com.apple.product-type.bundle.unit-test";
		};
		407D643C2147A68900FE7EC7 /* SliderControlUITests */ = {
			isa = PBXNativeTarget;
			buildConfigurationList = 407D644C2147A68900FE7EC7 /* Build configuration list for PBXNativeTarget "SliderControlUITests" */;
			buildPhases = (
				407D64392147A68900FE7EC7 /* Sources */,
				407D643A2147A68900FE7EC7 /* Frameworks */,
				407D643B2147A68900FE7EC7 /* Resources */,
			);
			buildRules = (
			);
			dependencies = (
				407D643F2147A68900FE7EC7 /* PBXTargetDependency */,
			);
			name = SliderControlUITests;
			productName = SliderControlUITests;
			productReference = 407D643D2147A68900FE7EC7 /* SliderControlUITests.xctest */;
			productType = "com.apple.product-type.bundle.ui-testing";
		};
/* End PBXNativeTarget section */

/* Begin PBXProject section */
		407D64122147A68800FE7EC7 /* Project object */ = {
			isa = PBXProject;
			attributes = {
				LastUpgradeCheck = 0940;
				ORGANIZATIONNAME = foxhis;
				TargetAttributes = {
					407D64192147A68800FE7EC7 = {
						CreatedOnToolsVersion = 9.4.1;
					};
					407D64312147A68900FE7EC7 = {
						CreatedOnToolsVersion = 9.4.1;
						TestTargetID = 407D64192147A68800FE7EC7;
					};
					407D643C2147A68900FE7EC7 = {
						CreatedOnToolsVersion = 9.4.1;
						TestTargetID = 407D64192147A68800FE7EC7;
					};
				};
			};
			buildConfigurationList = 407D64152147A68800FE7EC7 /* Build configuration list for PBXProject "SliderControl" */;
			compatibilityVersion = "Xcode 9.3";
			developmentRegion = en;
			hasScannedForEncodings = 0;
			knownRegions = (
				en,
				Base,
			);
			mainGroup = 407D64112147A68800FE7EC7;
			productRefGroup = 407D641B2147A68800FE7EC7 /* Products */;
			projectDirPath = "";
			projectRoot = "";
			targets = (
				407D64192147A68800FE7EC7 /* SliderControl */,
				407D64312147A68900FE7EC7 /* SliderControlTests */,
				407D643C2147A68900FE7EC7 /* SliderControlUITests */,
			);
		};
/* End PBXProject section */

/* Begin PBXResourcesBuildPhase section */
		407D64182147A68800FE7EC7 /* Resources */ = {
			isa = PBXResourcesBuildPhase;
			buildActionMask = 2147483647;
			files = (
				40D24E18221CE9640040E73A /* SliderWithImageControlCell.xib in Resources */,
				40D24E20221D380F0040E73A /* RepairScoreStarGray@2x.png in Resources */,
				40D24E1F221D380F0040E73A /* RepairScoreStar@3x.png in Resources */,
				40D24E17221CE9640040E73A /* SliderControlCell.xib in Resources */,
				40D24E1D221D380F0040E73A /* RepairScoreStarGray@3x.png in Resources */,
				40D24E13221CE9640040E73A /* CheckSelected@2x.png in Resources */,
				407D642A2147A68900FE7EC7 /* LaunchScreen.storyboard in Resources */,
				40D24E11221CE9640040E73A /* CheckUnselected@2x.png in Resources */,
				407D64272147A68900FE7EC7 /* Assets.xcassets in Resources */,
				40D24E12221CE9640040E73A /* CheckUnselected@3x.png in Resources */,
				40D24E1E221D380F0040E73A /* RepairScoreStar@2x.png in Resources */,
				40D24E14221CE9640040E73A /* CheckSelected@3x.png in Resources */,
				40D24E15221CE9640040E73A /* SliderControl.xib in Resources */,
				407D64252147A68800FE7EC7 /* Main.storyboard in Resources */,
			);
			runOnlyForDeploymentPostprocessing = 0;
		};
		407D64302147A68900FE7EC7 /* Resources */ = {
			isa = PBXResourcesBuildPhase;
			buildActionMask = 2147483647;
			files = (
			);
			runOnlyForDeploymentPostprocessing = 0;
		};
		407D643B2147A68900FE7EC7 /* Resources */ = {
			isa = PBXResourcesBuildPhase;
			buildActionMask = 2147483647;
			files = (
			);
			runOnlyForDeploymentPostprocessing = 0;
		};
/* End PBXResourcesBuildPhase section */

/* Begin PBXSourcesBuildPhase section */
		407D64162147A68800FE7EC7 /* Sources */ = {
			isa = PBXSourcesBuildPhase;
			buildActionMask = 2147483647;
			files = (
				40D24E16221CE9640040E73A /* SliderControl.m in Sources */,
				407D64222147A68800FE7EC7 /* ViewController.m in Sources */,
				407D642D2147A68900FE7EC7 /* main.m in Sources */,
				40D24E0F221CE9640040E73A /* SliderControlCell.m in Sources */,
				407D641F2147A68800FE7EC7 /* AppDelegate.m in Sources */,
				40D24E10221CE9640040E73A /* SliderWithImageControlCell.m in Sources */,
			);
			runOnlyForDeploymentPostprocessing = 0;
		};
		407D642E2147A68900FE7EC7 /* Sources */ = {
			isa = PBXSourcesBuildPhase;
			buildActionMask = 2147483647;
			files = (
				407D64372147A68900FE7EC7 /* SliderControlTests.m in Sources */,
			);
			runOnlyForDeploymentPostprocessing = 0;
		};
		407D64392147A68900FE7EC7 /* Sources */ = {
			isa = PBXSourcesBuildPhase;
			buildActionMask = 2147483647;
			files = (
				407D64422147A68900FE7EC7 /* SliderControlUITests.m in Sources */,
			);
			runOnlyForDeploymentPostprocessing = 0;
		};
/* End PBXSourcesBuildPhase section */

/* Begin PBXTargetDependency section */
		407D64342147A68900FE7EC7 /* PBXTargetDependency */ = {
			isa = PBXTargetDependency;
			target = 407D64192147A68800FE7EC7 /* SliderControl */;
			targetProxy = 407D64332147A68900FE7EC7 /* PBXContainerItemProxy */;
		};
		407D643F2147A68900FE7EC7 /* PBXTargetDependency */ = {
			isa = PBXTargetDependency;
			target = 407D64192147A68800FE7EC7 /* SliderControl */;
			targetProxy = 407D643E2147A68900FE7EC7 /* PBXContainerItemProxy */;
		};
/* End PBXTargetDependency section */

/* Begin PBXVariantGroup section */
		407D64232147A68800FE7EC7 /* Main.storyboard */ = {
			isa = PBXVariantGroup;
			children = (
				407D64242147A68800FE7EC7 /* Base */,
			);
			name = Main.storyboard;
			sourceTree = "<group>";
		};
		407D64282147A68900FE7EC7 /* LaunchScreen.storyboard */ = {
			isa = PBXVariantGroup;
			children = (
				407D64292147A68900FE7EC7 /* Base */,
			);
			name = LaunchScreen.storyboard;
			sourceTree = "<group>";
		};
/* End PBXVariantGroup section */

/* Begin XCBuildConfiguration section */
		407D64442147A68900FE7EC7 /* Debug */ = {
			isa = XCBuildConfiguration;
			buildSettings = {
				ALWAYS_SEARCH_USER_PATHS = NO;
				CLANG_ANALYZER_NONNULL = YES;
				CLANG_ANALYZER_NUMBER_OBJECT_CONVERSION = YES_AGGRESSIVE;
				CLANG_CXX_LANGUAGE_STANDARD = "gnu++14";
				CLANG_CXX_LIBRARY = "libc++";
				CLANG_ENABLE_MODULES = YES;
				CLANG_ENABLE_OBJC_ARC = YES;
				CLANG_ENABLE_OBJC_WEAK = YES;
				CLANG_WARN_BLOCK_CAPTURE_AUTORELEASING = YES;
				CLANG_WARN_BOOL_CONVERSION = YES;
				CLANG_WARN_COMMA = YES;
				CLANG_WARN_CONSTANT_CONVERSION = YES;
				CLANG_WARN_DEPRECATED_OBJC_IMPLEMENTATIONS = YES;
				CLANG_WARN_DIRECT_OBJC_ISA_USAGE = YES_ERROR;
				CLANG_WARN_DOCUMENTATION_COMMENTS = YES;
				CLANG_WARN_EMPTY_BODY = YES;
				CLANG_WARN_ENUM_CONVERSION = YES;
				CLANG_WARN_INFINITE_RECURSION = YES;
				CLANG_WARN_INT_CONVERSION = YES;
				CLANG_WARN_NON_LITERAL_NULL_CONVERSION = YES;
				CLANG_WARN_OBJC_IMPLICIT_RETAIN_SELF = YES;
				CLANG_WARN_OBJC_LITERAL_CONVERSION = YES;
				CLANG_WARN_OBJC_ROOT_CLASS = YES_ERROR;
				CLANG_WARN_RANGE_LOOP_ANALYSIS = YES;
				CLANG_WARN_STRICT_PROTOTYPES = YES;
				CLANG_WARN_SUSPICIOUS_MOVE = YES;
				CLANG_WARN_UNGUARDED_AVAILABILITY = YES_AGGRESSIVE;
				CLANG_WARN_UNREACHABLE_CODE = YES;
				CLANG_WARN__DUPLICATE_METHOD_MATCH = YES;
				CODE_SIGN_IDENTITY = "iPhone Developer";
				COPY_PHASE_STRIP = NO;
				DEBUG_INFORMATION_FORMAT = dwarf;
				ENABLE_STRICT_OBJC_MSGSEND = YES;
				ENABLE_TESTABILITY = YES;
				GCC_C_LANGUAGE_STANDARD = gnu11;
				GCC_DYNAMIC_NO_PIC = NO;
				GCC_NO_COMMON_BLOCKS = YES;
				GCC_OPTIMIZATION_LEVEL = 0;
				GCC_PREPROCESSOR_DEFINITIONS = (
					"DEBUG=1",
					"$(inherited)",
				);
				GCC_WARN_64_TO_32_BIT_CONVERSION = YES;
				GCC_WARN_ABOUT_RETURN_TYPE = YES_ERROR;
				GCC_WARN_UNDECLARED_SELECTOR = YES;
				GCC_WARN_UNINITIALIZED_AUTOS = YES_AGGRESSIVE;
				GCC_WARN_UNUSED_FUNCTION = YES;
				GCC_WARN_UNUSED_VARIABLE = YES;
				IPHONEOS_DEPLOYMENT_TARGET = 11.4;
				MTL_ENABLE_DEBUG_INFO = YES;
				ONLY_ACTIVE_ARCH = YES;
				SDKROOT = iphoneos;
			};
			name = Debug;
		};
		407D64452147A68900FE7EC7 /* Release */ = {
			isa = XCBuildConfiguration;
			buildSettings = {
				ALWAYS_SEARCH_USER_PATHS = NO;
				CLANG_ANALYZER_NONNULL = YES;
				CLANG_ANALYZER_NUMBER_OBJECT_CONVERSION = YES_AGGRESSIVE;
				CLANG_CXX_LANGUAGE_STANDARD = "gnu++14";
				CLANG_CXX_LIBRARY = "libc++";
				CLANG_ENABLE_MODULES = YES;
				CLANG_ENABLE_OBJC_ARC = YES;
				CLANG_ENABLE_OBJC_WEAK = YES;
				CLANG_WARN_BLOCK_CAPTURE_AUTORELEASING = YES;
				CLANG_WARN_BOOL_CONVERSION = YES;
				CLANG_WARN_COMMA = YES;
				CLANG_WARN_CONSTANT_CONVERSION = YES;
				CLANG_WARN_DEPRECATED_OBJC_IMPLEMENTATIONS = YES;
				CLANG_WARN_DIRECT_OBJC_ISA_USAGE = YES_ERROR;
				CLANG_WARN_DOCUMENTATION_COMMENTS = YES;
				CLANG_WARN_EMPTY_BODY = YES;
				CLANG_WARN_ENUM_CONVERSION = YES;
				CLANG_WARN_INFINITE_RECURSION = YES;
				CLANG_WARN_INT_CONVERSION = YES;
				CLANG_WARN_NON_LITERAL_NULL_CONVERSION = YES;
				CLANG_WARN_OBJC_IMPLICIT_RETAIN_SELF = YES;
				CLANG_WARN_OBJC_LITERAL_CONVERSION = YES;
				CLANG_WARN_OBJC_ROOT_CLASS = YES_ERROR;
				CLANG_WARN_RANGE_LOOP_ANALYSIS = YES;
				CLANG_WARN_STRICT_PROTOTYPES = YES;
				CLANG_WARN_SUSPICIOUS_MOVE = YES;
				CLANG_WARN_UNGUARDED_AVAILABILITY = YES_AGGRESSIVE;
				CLANG_WARN_UNREACHABLE_CODE = YES;
				CLANG_WARN__DUPLICATE_METHOD_MATCH = YES;
				CODE_SIGN_IDENTITY = "iPhone Developer";
				COPY_PHASE_STRIP = NO;
				DEBUG_INFORMATION_FORMAT = "dwarf-with-dsym";
				ENABLE_NS_ASSERTIONS = NO;
				ENABLE_STRICT_OBJC_MSGSEND = YES;
				GCC_C_LANGUAGE_STANDARD = gnu11;
				GCC_NO_COMMON_BLOCKS = YES;
				GCC_WARN_64_TO_32_BIT_CONVERSION = YES;
				GCC_WARN_ABOUT_RETURN_TYPE = YES_ERROR;
				GCC_WARN_UNDECLARED_SELECTOR = YES;
				GCC_WARN_UNINITIALIZED_AUTOS = YES_AGGRESSIVE;
				GCC_WARN_UNUSED_FUNCTION = YES;
				GCC_WARN_UNUSED_VARIABLE = YES;
				IPHONEOS_DEPLOYMENT_TARGET = 11.4;
				MTL_ENABLE_DEBUG_INFO = NO;
				SDKROOT = iphoneos;
				VALIDATE_PRODUCT = YES;
			};
			name = Release;
		};
		407D64472147A68900FE7EC7 /* Debug */ = {
			isa = XCBuildConfiguration;
			buildSettings = {
				ASSETCATALOG_COMPILER_APPICON_NAME = AppIcon;
				CODE_SIGN_STYLE = Automatic;
				DEVELOPMENT_TEAM = 99FFTZV4R9;
				INFOPLIST_FILE = SliderControl/Info.plist;
				LD_RUNPATH_SEARCH_PATHS = (
					"$(inherited)",
					"@executable_path/Frameworks",
				);
				PRODUCT_BUNDLE_IDENTIFIER = com.foxhis.mobile.RecordView.SliderControl;
				PRODUCT_NAME = "$(TARGET_NAME)";
				TARGETED_DEVICE_FAMILY = "1,2";
			};
			name = Debug;
		};
		407D64482147A68900FE7EC7 /* Release */ = {
			isa = XCBuildConfiguration;
			buildSettings = {
				ASSETCATALOG_COMPILER_APPICON_NAME = AppIcon;
				CODE_SIGN_STYLE = Automatic;
				DEVELOPMENT_TEAM = 99FFTZV4R9;
				INFOPLIST_FILE = SliderControl/Info.plist;
				LD_RUNPATH_SEARCH_PATHS = (
					"$(inherited)",
					"@executable_path/Frameworks",
				);
				PRODUCT_BUNDLE_IDENTIFIER = com.foxhis.mobile.RecordView.SliderControl;
				PRODUCT_NAME = "$(TARGET_NAME)";
				TARGETED_DEVICE_FAMILY = "1,2";
			};
			name = Release;
		};
		407D644A2147A68900FE7EC7 /* Debug */ = {
			isa = XCBuildConfiguration;
			buildSettings = {
				BUNDLE_LOADER = "$(TEST_HOST)";
				CODE_SIGN_STYLE = Automatic;
				DEVELOPMENT_TEAM = 99FFTZV4R9;
				INFOPLIST_FILE = SliderControlTests/Info.plist;
				LD_RUNPATH_SEARCH_PATHS = (
					"$(inherited)",
					"@executable_path/Frameworks",
					"@loader_path/Frameworks",
				);
				PRODUCT_BUNDLE_IDENTIFIER = com.foxhis.mobile.RecordView.SliderControlTests;
				PRODUCT_NAME = "$(TARGET_NAME)";
				TARGETED_DEVICE_FAMILY = "1,2";
				TEST_HOST = "$(BUILT_PRODUCTS_DIR)/SliderControl.app/SliderControl";
			};
			name = Debug;
		};
		407D644B2147A68900FE7EC7 /* Release */ = {
			isa = XCBuildConfiguration;
			buildSettings = {
				BUNDLE_LOADER = "$(TEST_HOST)";
				CODE_SIGN_STYLE = Automatic;
				DEVELOPMENT_TEAM = 99FFTZV4R9;
				INFOPLIST_FILE = SliderControlTests/Info.plist;
				LD_RUNPATH_SEARCH_PATHS = (
					"$(inherited)",
					"@executable_path/Frameworks",
					"@loader_path/Frameworks",
				);
				PRODUCT_BUNDLE_IDENTIFIER = com.foxhis.mobile.RecordView.SliderControlTests;
				PRODUCT_NAME = "$(TARGET_NAME)";
				TARGETED_DEVICE_FAMILY = "1,2";
				TEST_HOST = "$(BUILT_PRODUCTS_DIR)/SliderControl.app/SliderControl";
			};
			name = Release;
		};
		407D644D2147A68900FE7EC7 /* Debug */ = {
			isa = XCBuildConfiguration;
			buildSettings = {
				CODE_SIGN_STYLE = Automatic;
				DEVELOPMENT_TEAM = 99FFTZV4R9;
				INFOPLIST_FILE = SliderControlUITests/Info.plist;
				LD_RUNPATH_SEARCH_PATHS = (
					"$(inherited)",
					"@executable_path/Frameworks",
					"@loader_path/Frameworks",
				);
				PRODUCT_BUNDLE_IDENTIFIER = com.foxhis.mobile.RecordView.SliderControlUITests;
				PRODUCT_NAME = "$(TARGET_NAME)";
				TARGETED_DEVICE_FAMILY = "1,2";
				TEST_TARGET_NAME = SliderControl;
			};
			name = Debug;
		};
		407D644E2147A68900FE7EC7 /* Release */ = {
			isa = XCBuildConfiguration;
			buildSettings = {
				CODE_SIGN_STYLE = Automatic;
				DEVELOPMENT_TEAM = 99FFTZV4R9;
				INFOPLIST_FILE = SliderControlUITests/Info.plist;
				LD_RUNPATH_SEARCH_PATHS = (
					"$(inherited)",
					"@executable_path/Frameworks",
					"@loader_path/Frameworks",
				);
				PRODUCT_BUNDLE_IDENTIFIER = com.foxhis.mobile.RecordView.SliderControlUITests;
				PRODUCT_NAME = "$(TARGET_NAME)";
				TARGETED_DEVICE_FAMILY = "1,2";
				TEST_TARGET_NAME = SliderControl;
			};
			name = Release;
		};
/* End XCBuildConfiguration section */

/* Begin XCConfigurationList section */
		407D64152147A68800FE7EC7 /* Build configuration list for PBXProject "SliderControl" */ = {
			isa = XCConfigurationList;
			buildConfigurations = (
				407D64442147A68900FE7EC7 /* Debug */,
				407D64452147A68900FE7EC7 /* Release */,
			);
			defaultConfigurationIsVisible = 0;
			defaultConfigurationName = Release;
		};
		407D64462147A68900FE7EC7 /* Build configuration list for PBXNativeTarget "SliderControl" */ = {
			isa = XCConfigurationList;
			buildConfigurations = (
				407D64472147A68900FE7EC7 /* Debug */,
				407D64482147A68900FE7EC7 /* Release */,
			);
			defaultConfigurationIsVisible = 0;
			defaultConfigurationName = Release;
		};
		407D64492147A68900FE7EC7 /* Build configuration list for PBXNativeTarget "SliderControlTests" */ = {
			isa = XCConfigurationList;
			buildConfigurations = (
				407D644A2147A68900FE7EC7 /* Debug */,
				407D644B2147A68900FE7EC7 /* Release */,
			);
			defaultConfigurationIsVisible = 0;
			defaultConfigurationName = Release;
		};
		407D644C2147A68900FE7EC7 /* Build configuration list for PBXNativeTarget "SliderControlUITests" */ = {
			isa = XCConfigurationList;
			buildConfigurations = (
				407D644D2147A68900FE7EC7 /* Debug */,
				407D644E2147A68900FE7EC7 /* Release */,
			);
			defaultConfigurationIsVisible = 0;
			defaultConfigurationName = Release;
		};
/* End XCConfigurationList section */
	};
	rootObject = 407D64122147A68800FE7EC7 /* Project object */;
}
